
Microsoft Visual Studio Solution File, Format Version 12.00
# Visual Studio Version 17
VisualStudioVersion = 17.14.37111.16 d17.14
MinimumVisualStudioVersion = 10.0.40219.1
Project("{FAE04EC0-301F-11D3-BF4B-00C04F79EFBC}") = "Frontlogin", "Frontlogin.csproj", "{BEEB115D-0AC3-4CBA-B52B-FB20C1A1372A}"
EndProject
Global
	GlobalSection(SolutionConfigurationPlatforms) = preSolution
		Debug|Any CPU = Debug|Any CPU
		Release|Any CPU = Release|Any CPU
	EndGlobalSection
	GlobalSection(ProjectConfigurationPlatforms) = postSolution
		{BEEB115D-0AC3-4CBA-B52B-FB20C1A1372A}.Debug|Any CPU.ActiveCfg = Debug|Any CPU
		{BEEB115D-0AC3-4CBA-B52B-FB20C1A1372A}.Debug|Any CPU.Build.0 = Debug|Any CPU
		{BEEB115D-0AC3-4CBA-B52B-FB20C1A1372A}.Release|Any CPU.ActiveCfg = Release|Any CPU
		{BEEB115D-0AC3-4CBA-B52B-FB20C1A1372A}.Release|Any CPU.Build.0 = Release|Any CPU
	EndGlobalSection
	GlobalSection(SolutionProperties) = preSolution
		HideSolutionNode = FALSE
	EndGlobalSection
	GlobalSection(ExtensibilityGlobals) = postSolution
		SolutionGuid = {6C962636-E41D-467E-973C-4B4EA0ECCCAF}
	EndGlobalSection
EndGlobal
